
Microsoft Visual Studio Solution File, Format Version 12.00
# Visual Studio Version 16
VisualStudioVersion = 16.0.30804.86
MinimumVisualStudioVersion = 10.0.40219.1
Project("{9A19103F-16F7-4668-BE54-9A1E7A4F7556}") = "PizzaApiManager", "PizzaApiManager.csproj", "{F3E16184-AA19-43B2-B63C-9228475B4482}"
EndProject
Project("{E24C65DC-7377-472B-9ABA-BC803B73C61A}") = "PizzaApiManagerUI", "..\PizzaApiManagerUI\", "{28A08037-9FEF-4EC3-98B4-46A815C0D0F0}"
	ProjectSection(WebsiteProperties) = preProject
		TargetFrameworkMoniker = ".NETFramework,Version%3Dv4.0"
		Debug.AspNetCompiler.VirtualPath = "/localhost_59860"
		Debug.AspNetCompiler.PhysicalPath = "..\PizzaApiManagerUI\"
		Debug.AspNetCompiler.TargetPath = "PrecompiledWeb\localhost_59860\"
		Debug.AspNetCompiler.Updateable = "true"
		Debug.AspNetCompiler.ForceOverwrite = "true"
		Debug.AspNetCompiler.FixedNames = "false"
		Debug.AspNetCompiler.Debug = "True"
		Release.AspNetCompiler.VirtualPath = "/localhost_59860"
		Release.AspNetCompiler.PhysicalPath = "..\PizzaApiManagerUI\"
		Release.AspNetCompiler.TargetPath = "PrecompiledWeb\localhost_59860\"
		Release.AspNetCompiler.Updateable = "true"
		Release.AspNetCompiler.ForceOverwrite = "true"
		Release.AspNetCompiler.FixedNames = "false"
		Release.AspNetCompiler.Debug = "False"
		VWDPort = "59860"
	EndProjectSection
EndProject
Global
	GlobalSection(SolutionConfigurationPlatforms) = preSolution
		Debug|Any CPU = Debug|Any CPU
		Release|Any CPU = Release|Any CPU
	EndGlobalSection
	GlobalSection(ProjectConfigurationPlatforms) = postSolution
		{F3E16184-AA19-43B2-B63C-9228475B4482}.Debug|Any CPU.ActiveCfg = Debug|Any CPU
		{F3E16184-AA19-43B2-B63C-9228475B4482}.Debug|Any CPU.Build.0 = Debug|Any CPU
		{F3E16184-AA19-43B2-B63C-9228475B4482}.Release|Any CPU.ActiveCfg = Release|Any CPU
		{F3E16184-AA19-43B2-B63C-9228475B4482}.Release|Any CPU.Build.0 = Release|Any CPU
		{28A08037-9FEF-4EC3-98B4-46A815C0D0F0}.Debug|Any CPU.ActiveCfg = Debug|Any CPU
		{28A08037-9FEF-4EC3-98B4-46A815C0D0F0}.Debug|Any CPU.Build.0 = Debug|Any CPU
		{28A08037-9FEF-4EC3-98B4-46A815C0D0F0}.Release|Any CPU.ActiveCfg = Debug|Any CPU
		{28A08037-9FEF-4EC3-98B4-46A815C0D0F0}.Release|Any CPU.Build.0 = Debug|Any CPU
	EndGlobalSection
	GlobalSection(SolutionProperties) = preSolution
		HideSolutionNode = FALSE
	EndGlobalSection
	GlobalSection(ExtensibilityGlobals) = postSolution
		SolutionGuid = {6222E4B1-EF6B-4686-88C4-F6E935210076}
	EndGlobalSection
EndGlobal
